
Microsoft Visual Studio Solution File, Format Version 10.00
# Visual Studio 2008
Project("{8BC9CEB8-8B4A-11D0-8D11-00A0C91BC942}") = "GameService", "GameService.vcproj", "{8E5BC3FD-168B-450A-B359-AB82A30597C8}"
EndProject
Project("{8BC9CEB8-8B4A-11D0-8D11-00A0C91BC942}") = "Runnable_360", "Runnable_360\Runnable_360.vcproj", "{9CC3D37B-0374-4464-A197-BCABD53DFC28}"
	ProjectSection(ProjectDependencies) = postProject
		{8E5BC3FD-168B-450A-B359-AB82A30597C8} = {8E5BC3FD-168B-450A-B359-AB82A30597C8}
	EndProjectSection
EndProject
Project("{8BC9CEB8-8B4A-11D0-8D11-00A0C91BC942}") = "Runnable_PS3", "Runnable_PS3\Runnable_PS3.vcproj", "{17FB8DC3-F44B-4A99-A137-B4902115045B}"
	ProjectSection(ProjectDependencies) = postProject
		{C3DCACAE-0FAA-4314-B2DD-3D3FA72FCE0F} = {C3DCACAE-0FAA-4314-B2DD-3D3FA72FCE0F}
		{8E5BC3FD-168B-450A-B359-AB82A30597C8} = {8E5BC3FD-168B-450A-B359-AB82A30597C8}
	EndProjectSection
EndProject
Project("{8BC9CEB8-8B4A-11D0-8D11-00A0C91BC942}") = "gcmutil", "Runnable_PS3\gcmutil.vcproj", "{C3DCACAE-0FAA-4314-B2DD-3D3FA72FCE0F}"
	ProjectSection(ProjectDependencies) = postProject
		{8E5BC3FD-168B-450A-B359-AB82A30597C8} = {8E5BC3FD-168B-450A-B359-AB82A30597C8}
	EndProjectSection
EndProject
Global
	GlobalSection(SolutionConfigurationPlatforms) = preSolution
		CodeAnalysis|Mixed Platforms = CodeAnalysis|Mixed Platforms
		CodeAnalysis|Win32 = CodeAnalysis|Win32
		CodeAnalysis|Xbox 360 = CodeAnalysis|Xbox 360
		Debug|Mixed Platforms = Debug|Mixed Platforms
		Debug|Win32 = Debug|Win32
		Debug|Xbox 360 = Debug|Xbox 360
		Profile_FastCap|Mixed Platforms = Profile_FastCap|Mixed Platforms
		Profile_FastCap|Win32 = Profile_FastCap|Win32
		Profile_FastCap|Xbox 360 = Profile_FastCap|Xbox 360
		Profile|Mixed Platforms = Profile|Mixed Platforms
		Profile|Win32 = Profile|Win32
		Profile|Xbox 360 = Profile|Xbox 360
		PS3 Debug|Mixed Platforms = PS3 Debug|Mixed Platforms
		PS3 Debug|Win32 = PS3 Debug|Win32
		PS3 Debug|Xbox 360 = PS3 Debug|Xbox 360
		PS3 Release|Mixed Platforms = PS3 Release|Mixed Platforms
		PS3 Release|Win32 = PS3 Release|Win32
		PS3 Release|Xbox 360 = PS3 Release|Xbox 360
		PS3 Retail|Mixed Platforms = PS3 Retail|Mixed Platforms
		PS3 Retail|Win32 = PS3 Retail|Win32
		PS3 Retail|Xbox 360 = PS3 Retail|Xbox 360
		PS3 SNC Debug|Mixed Platforms = PS3 SNC Debug|Mixed Platforms
		PS3 SNC Debug|Win32 = PS3 SNC Debug|Win32
		PS3 SNC Debug|Xbox 360 = PS3 SNC Debug|Xbox 360
		PS3 SNC Release|Mixed Platforms = PS3 SNC Release|Mixed Platforms
		PS3 SNC Release|Win32 = PS3 SNC Release|Win32
		PS3 SNC Release|Xbox 360 = PS3 SNC Release|Xbox 360
		Release_LTCG|Mixed Platforms = Release_LTCG|Mixed Platforms
		Release_LTCG|Win32 = Release_LTCG|Win32
		Release_LTCG|Xbox 360 = Release_LTCG|Xbox 360
		Release|Mixed Platforms = Release|Mixed Platforms
		Release|Win32 = Release|Win32
		Release|Xbox 360 = Release|Xbox 360
		Retail|Mixed Platforms = Retail|Mixed Platforms
		Retail|Win32 = Retail|Win32
		Retail|Xbox 360 = Retail|Xbox 360
	EndGlobalSection
	GlobalSection(ProjectConfigurationPlatforms) = postSolution
		{8E5BC3FD-168B-450A-B359-AB82A30597C8}.CodeAnalysis|Mixed Platforms.ActiveCfg = CodeAnalysis|Win32
		{8E5BC3FD-168B-450A-B359-AB82A30597C8}.CodeAnalysis|Mixed Platforms.Build.0 = CodeAnalysis|Win32
		{8E5BC3FD-168B-450A-B359-AB82A30597C8}.CodeAnalysis|Win32.ActiveCfg = CodeAnalysis|Win32
		{8E5BC3FD-168B-450A-B359-AB82A30597C8}.CodeAnalysis|Win32.Build.0 = CodeAnalysis|Win32
		{8E5BC3FD-168B-450A-B359-AB82A30597C8}.CodeAnalysis|Xbox 360.ActiveCfg = CodeAnalysis|Xbox 360
		{8E5BC3FD-168B-450A-B359-AB82A30597C8}.CodeAnalysis|Xbox 360.Build.0 = CodeAnalysis|Xbox 360
		{8E5BC3FD-168B-450A-B359-AB82A30597C8}.Debug|Mixed Platforms.ActiveCfg = Debug|Win32
		{8E5BC3FD-168B-450A-B359-AB82A30597C8}.Debug|Mixed Platforms.Build.0 = Debug|Win32
		{8E5BC3FD-168B-450A-B359-AB82A30597C8}.Debug|Win32.ActiveCfg = Debug|Win32
		{8E5BC3FD-168B-450A-B359-AB82A30597C8}.Debug|Win32.Build.0 = Debug|Win32
		{8E5BC3FD-168B-450A-B359-AB82A30597C8}.Debug|Xbox 360.ActiveCfg = Debug|Xbox 360
		{8E5BC3FD-168B-450A-B359-AB82A30597C8}.Debug|Xbox 360.Build.0 = Debug|Xbox 360
		{8E5BC3FD-168B-450A-B359-AB82A30597C8}.Profile_FastCap|Mixed Platforms.ActiveCfg = Profile_FastCap|Win32
		{8E5BC3FD-168B-450A-B359-AB82A30597C8}.Profile_FastCap|Mixed Platforms.Build.0 = Profile_FastCap|Win32
		{8E5BC3FD-168B-450A-B359-AB82A30597C8}.Profile_FastCap|Win32.ActiveCfg = Profile_FastCap|Win32
		{8E5BC3FD-168B-450A-B359-AB82A30597C8}.Profile_FastCap|Win32.Build.0 = Profile_FastCap|Win32
		{8E5BC3FD-168B-450A-B359-AB82A30597C8}.Profile_FastCap|Xbox 360.ActiveCfg = Profile_FastCap|Xbox 360
		{8E5BC3FD-168B-450A-B359-AB82A30597C8}.Profile_FastCap|Xbox 360.Build.0 = Profile_FastCap|Xbox 360
		{8E5BC3FD-168B-450A-B359-AB82A30597C8}.Profile|Mixed Platforms.ActiveCfg = Profile|Win32
		{8E5BC3FD-168B-450A-B359-AB82A30597C8}.Profile|Mixed Platforms.Build.0 = Profile|Win32
		{8E5BC3FD-168B-450A-B359-AB82A30597C8}.Profile|Win32.ActiveCfg = Profile|Win32
		{8E5BC3FD-168B-450A-B359-AB82A30597C8}.Profile|Win32.Build.0 = Profile|Win32
		{8E5BC3FD-168B-450A-B359-AB82A30597C8}.Profile|Xbox 360.ActiveCfg = Profile|Xbox 360
		{8E5BC3FD-168B-450A-B359-AB82A30597C8}.Profile|Xbox 360.Build.0 = Profile|Xbox 360
		{8E5BC3FD-168B-450A-B359-AB82A30597C8}.PS3 Debug|Mixed Platforms.ActiveCfg = PS3 Debug|Win32
		{8E5BC3FD-168B-450A-B359-AB82A30597C8}.PS3 Debug|Mixed Platforms.Build.0 = PS3 Debug|Win32
		{8E5BC3FD-168B-450A-B359-AB82A30597C8}.PS3 Debug|Win32.ActiveCfg = PS3 Debug|Win32
		{8E5BC3FD-168B-450A-B359-AB82A30597C8}.PS3 Debug|Win32.Build.0 = PS3 Debug|Win32
		{8E5BC3FD-168B-450A-B359-AB82A30597C8}.PS3 Debug|Xbox 360.ActiveCfg = PS3 Debug|Xbox 360
		{8E5BC3FD-168B-450A-B359-AB82A30597C8}.PS3 Debug|Xbox 360.Build.0 = PS3 Debug|Xbox 360
		{8E5BC3FD-168B-450A-B359-AB82A30597C8}.PS3 Release|Mixed Platforms.ActiveCfg = PS3 Release|Win32
		{8E5BC3FD-168B-450A-B359-AB82A30597C8}.PS3 Release|Mixed Platforms.Build.0 = PS3 Release|Win32
		{8E5BC3FD-168B-450A-B359-AB82A30597C8}.PS3 Release|Win32.ActiveCfg = PS3 Release|Win32
		{8E5BC3FD-168B-450A-B359-AB82A30597C8}.PS3 Release|Win32.Build.0 = PS3 Release|Win32
		{8E5BC3FD-168B-450A-B359-AB82A30597C8}.PS3 Release|Xbox 360.ActiveCfg = PS3 Release|Xbox 360
		{8E5BC3FD-168B-450A-B359-AB82A30597C8}.PS3 Release|Xbox 360.Build.0 = PS3 Release|Xbox 360
		{8E5BC3FD-168B-450A-B359-AB82A30597C8}.PS3 Retail|Mixed Platforms.ActiveCfg = PS3 Retail|Win32
		{8E5BC3FD-168B-450A-B359-AB82A30597C8}.PS3 Retail|Mixed Platforms.Build.0 = PS3 Retail|Win32
		{8E5BC3FD-168B-450A-B359-AB82A30597C8}.PS3 Retail|Win32.ActiveCfg = PS3 Retail|Win32
		{8E5BC3FD-168B-450A-B359-AB82A30597C8}.PS3 Retail|Win32.Build.0 = PS3 Retail|Win32
		{8E5BC3FD-168B-450A-B359-AB82A30597C8}.PS3 Retail|Xbox 360.ActiveCfg = PS3 Retail|Xbox 360
		{8E5BC3FD-168B-450A-B359-AB82A30597C8}.PS3 Retail|Xbox 360.Build.0 = PS3 Retail|Xbox 360
		{8E5BC3FD-168B-450A-B359-AB82A30597C8}.PS3 SNC Debug|Mixed Platforms.ActiveCfg = Debug|Win32
		{8E5BC3FD-168B-450A-B359-AB82A30597C8}.PS3 SNC Debug|Mixed Platforms.Build.0 = Debug|Win32
		{8E5BC3FD-168B-450A-B359-AB82A30597C8}.PS3 SNC Debug|Win32.ActiveCfg = Debug|Win32
		{8E5BC3FD-168B-450A-B359-AB82A30597C8}.PS3 SNC Debug|Win32.Build.0 = Debug|Win32
		{8E5BC3FD-168B-450A-B359-AB82A30597C8}.PS3 SNC Debug|Xbox 360.ActiveCfg = Debug|Xbox 360
		{8E5BC3FD-168B-450A-B359-AB82A30597C8}.PS3 SNC Debug|Xbox 360.Build.0 = Debug|Xbox 360
		{8E5BC3FD-168B-450A-B359-AB82A30597C8}.PS3 SNC Release|Mixed Platforms.ActiveCfg = Release|Win32
		{8E5BC3FD-168B-450A-B359-AB82A30597C8}.PS3 SNC Release|Mixed Platforms.Build.0 = Release|Win32
		{8E5BC3FD-168B-450A-B359-AB82A30597C8}.PS3 SNC Release|Win32.ActiveCfg = Release|Win32
		{8E5BC3FD-168B-450A-B359-AB82A30597C8}.PS3 SNC Release|Win32.Build.0 = Release|Win32
		{8E5BC3FD-168B-450A-B359-AB82A30597C8}.PS3 SNC Release|Xbox 360.ActiveCfg = Release|Xbox 360
		{8E5BC3FD-168B-450A-B359-AB82A30597C8}.PS3 SNC Release|Xbox 360.Build.0 = Release|Xbox 360
		{8E5BC3FD-168B-450A-B359-AB82A30597C8}.Release_LTCG|Mixed Platforms.ActiveCfg = Release_LTCG|Win32
		{8E5BC3FD-168B-450A-B359-AB82A30597C8}.Release_LTCG|Mixed Platforms.Build.0 = Release_LTCG|Win32
		{8E5BC3FD-168B-450A-B359-AB82A30597C8}.Release_LTCG|Win32.ActiveCfg = Release_LTCG|Win32
		{8E5BC3FD-168B-450A-B359-AB82A30597C8}.Release_LTCG|Win32.Build.0 = Release_LTCG|Win32
		{8E5BC3FD-168B-450A-B359-AB82A30597C8}.Release_LTCG|Xbox 360.ActiveCfg = Release_LTCG|Xbox 360
		{8E5BC3FD-168B-450A-B359-AB82A30597C8}.Release_LTCG|Xbox 360.Build.0 = Release_LTCG|Xbox 360
		{8E5BC3FD-168B-450A-B359-AB82A30597C8}.Release|Mixed Platforms.ActiveCfg = Release|Win32
		{8E5BC3FD-168B-450A-B359-AB82A30597C8}.Release|Mixed Platforms.Build.0 = Release|Win32
		{8E5BC3FD-168B-450A-B359-AB82A30597C8}.Release|Win32.ActiveCfg = Release|Win32
		{8E5BC3FD-168B-450A-B359-AB82A30597C8}.Release|Win32.Build.0 = Release|Win32
		{8E5BC3FD-168B-450A-B359-AB82A30597C8}.Release|Xbox 360.ActiveCfg = Release|Xbox 360
		{8E5BC3FD-168B-450A-B359-AB82A30597C8}.Release|Xbox 360.Build.0 = Release|Xbox 360
		{8E5BC3FD-168B-450A-B359-AB82A30597C8}.Retail|Mixed Platforms.ActiveCfg = Retail|Win32
		{8E5BC3FD-168B-450A-B359-AB82A30597C8}.Retail|Mixed Platforms.Build.0 = Retail|Win32
		{8E5BC3FD-168B-450A-B359-AB82A30597C8}.Retail|Win32.ActiveCfg = Retail|Win32
		{8E5BC3FD-168B-450A-B359-AB82A30597C8}.Retail|Win32.Build.0 = Retail|Win32
		{8E5BC3FD-168B-450A-B359-AB82A30597C8}.Retail|Xbox 360.ActiveCfg = Retail|Xbox 360
		{8E5BC3FD-168B-450A-B359-AB82A30597C8}.Retail|Xbox 360.Build.0 = Retail|Xbox 360
		{9CC3D37B-0374-4464-A197-BCABD53DFC28}.CodeAnalysis|Mixed Platforms.ActiveCfg = CodeAnalysis|Xbox 360
		{9CC3D37B-0374-4464-A197-BCABD53DFC28}.CodeAnalysis|Mixed Platforms.Build.0 = CodeAnalysis|Xbox 360
		{9CC3D37B-0374-4464-A197-BCABD53DFC28}.CodeAnalysis|Win32.ActiveCfg = CodeAnalysis|Xbox 360
		{9CC3D37B-0374-4464-A197-BCABD53DFC28}.CodeAnalysis|Xbox 360.ActiveCfg = CodeAnalysis|Xbox 360
		{9CC3D37B-0374-4464-A197-BCABD53DFC28}.CodeAnalysis|Xbox 360.Build.0 = CodeAnalysis|Xbox 360
		{9CC3D37B-0374-4464-A197-BCABD53DFC28}.Debug|Mixed Platforms.ActiveCfg = Debug|Xbox 360
		{9CC3D37B-0374-4464-A197-BCABD53DFC28}.Debug|Mixed Platforms.Build.0 = Debug|Xbox 360
		{9CC3D37B-0374-4464-A197-BCABD53DFC28}.Debug|Win32.ActiveCfg = Debug|Xbox 360
		{9CC3D37B-0374-4464-A197-BCABD53DFC28}.Debug|Xbox 360.ActiveCfg = Debug|Xbox 360
		{9CC3D37B-0374-4464-A197-BCABD53DFC28}.Debug|Xbox 360.Build.0 = Debug|Xbox 360
		{9CC3D37B-0374-4464-A197-BCABD53DFC28}.Profile_FastCap|Mixed Platforms.ActiveCfg = Profile_FastCap|Xbox 360
		{9CC3D37B-0374-4464-A197-BCABD53DFC28}.Profile_FastCap|Mixed Platforms.Build.0 = Profile_FastCap|Xbox 360
		{9CC3D37B-0374-4464-A197-BCABD53DFC28}.Profile_FastCap|Win32.ActiveCfg = Profile_FastCap|Xbox 360
		{9CC3D37B-0374-4464-A197-BCABD53DFC28}.Profile_FastCap|Xbox 360.ActiveCfg = Profile_FastCap|Xbox 360
		{9CC3D37B-0374-4464-A197-BCABD53DFC28}.Profile_FastCap|Xbox 360.Build.0 = Profile_FastCap|Xbox 360
		{9CC3D37B-0374-4464-A197-BCABD53DFC28}.Profile|Mixed Platforms.ActiveCfg = Profile|Xbox 360
		{9CC3D37B-0374-4464-A197-BCABD53DFC28}.Profile|Mixed Platforms.Build.0 = Profile|Xbox 360
		{9CC3D37B-0374-4464-A197-BCABD53DFC28}.Profile|Win32.ActiveCfg = Profile|Xbox 360
		{9CC3D37B-0374-4464-A197-BCABD53DFC28}.Profile|Xbox 360.ActiveCfg = Profile|Xbox 360
		{9CC3D37B-0374-4464-A197-BCABD53DFC28}.Profile|Xbox 360.Build.0 = Profile|Xbox 360
		{9CC3D37B-0374-4464-A197-BCABD53DFC28}.PS3 Debug|Mixed Platforms.ActiveCfg = Debug|Xbox 360
		{9CC3D37B-0374-4464-A197-BCABD53DFC28}.PS3 Debug|Mixed Platforms.Build.0 = Debug|Xbox 360
		{9CC3D37B-0374-4464-A197-BCABD53DFC28}.PS3 Debug|Win32.ActiveCfg = Debug|Xbox 360
		{9CC3D37B-0374-4464-A197-BCABD53DFC28}.PS3 Debug|Xbox 360.ActiveCfg = Debug|Xbox 360
		{9CC3D37B-0374-4464-A197-BCABD53DFC28}.PS3 Debug|Xbox 360.Build.0 = Debug|Xbox 360
		{9CC3D37B-0374-4464-A197-BCABD53DFC28}.PS3 Release|Mixed Platforms.ActiveCfg = Release|Xbox 360
		{9CC3D37B-0374-4464-A197-BCABD53DFC28}.PS3 Release|Mixed Platforms.Build.0 = Release|Xbox 360
		{9CC3D37B-0374-4464-A197-BCABD53DFC28}.PS3 Release|Win32.ActiveCfg = Release|Xbox 360
		{9CC3D37B-0374-4464-A197-BCABD53DFC28}.PS3 Release|Xbox 360.ActiveCfg = Release|Xbox 360
		{9CC3D37B-0374-4464-A197-BCABD53DFC28}.PS3 Release|Xbox 360.Build.0 = Release|Xbox 360
		{9CC3D37B-0374-4464-A197-BCABD53DFC28}.PS3 Retail|Mixed Platforms.ActiveCfg = Profile_FastCap|Xbox 360
		{9CC3D37B-0374-4464-A197-BCABD53DFC28}.PS3 Retail|Mixed Platforms.Build.0 = Profile_FastCap|Xbox 360
		{9CC3D37B-0374-4464-A197-BCABD53DFC28}.PS3 Retail|Win32.ActiveCfg = Profile_FastCap|Xbox 360
		{9CC3D37B-0374-4464-A197-BCABD53DFC28}.PS3 Retail|Xbox 360.ActiveCfg = Profile_FastCap|Xbox 360
		{9CC3D37B-0374-4464-A197-BCABD53DFC28}.PS3 Retail|Xbox 360.Build.0 = Profile_FastCap|Xbox 360
		{9CC3D37B-0374-4464-A197-BCABD53DFC28}.PS3 SNC Debug|Mixed Platforms.ActiveCfg = Debug|Xbox 360
		{9CC3D37B-0374-4464-A197-BCABD53DFC28}.PS3 SNC Debug|Mixed Platforms.Build.0 = Debug|Xbox 360
		{9CC3D37B-0374-4464-A197-BCABD53DFC28}.PS3 SNC Debug|Win32.ActiveCfg = Debug|Xbox 360
		{9CC3D37B-0374-4464-A197-BCABD53DFC28}.PS3 SNC Debug|Xbox 360.ActiveCfg = Debug|Xbox 360
		{9CC3D37B-0374-4464-A197-BCABD53DFC28}.PS3 SNC Debug|Xbox 360.Build.0 = Debug|Xbox 360
		{9CC3D37B-0374-4464-A197-BCABD53DFC28}.PS3 SNC Release|Mixed Platforms.ActiveCfg = Release|Xbox 360
		{9CC3D37B-0374-4464-A197-BCABD53DFC28}.PS3 SNC Release|Mixed Platforms.Build.0 = Release|Xbox 360
		{9CC3D37B-0374-4464-A197-BCABD53DFC28}.PS3 SNC Release|Win32.ActiveCfg = Release|Xbox 360
		{9CC3D37B-0374-4464-A197-BCABD53DFC28}.PS3 SNC Release|Xbox 360.ActiveCfg = Release|Xbox 360
		{9CC3D37B-0374-4464-A197-BCABD53DFC28}.PS3 SNC Release|Xbox 360.Build.0 = Release|Xbox 360
		{9CC3D37B-0374-4464-A197-BCABD53DFC28}.Release_LTCG|Mixed Platforms.ActiveCfg = Release_LTCG|Xbox 360
		{9CC3D37B-0374-4464-A197-BCABD53DFC28}.Release_LTCG|Mixed Platforms.Build.0 = Release_LTCG|Xbox 360
		{9CC3D37B-0374-4464-A197-BCABD53DFC28}.Release_LTCG|Win32.ActiveCfg = Release_LTCG|Xbox 360
		{9CC3D37B-0374-4464-A197-BCABD53DFC28}.Release_LTCG|Xbox 360.ActiveCfg = Release_LTCG|Xbox 360
		{9CC3D37B-0374-4464-A197-BCABD53DFC28}.Release_LTCG|Xbox 360.Build.0 = Release_LTCG|Xbox 360
		{9CC3D37B-0374-4464-A197-BCABD53DFC28}.Release|Mixed Platforms.ActiveCfg = Release|Xbox 360
		{9CC3D37B-0374-4464-A197-BCABD53DFC28}.Release|Mixed Platforms.Build.0 = Release|Xbox 360
		{9CC3D37B-0374-4464-A197-BCABD53DFC28}.Release|Win32.ActiveCfg = Release|Xbox 360
		{9CC3D37B-0374-4464-A197-BCABD53DFC28}.Release|Xbox 360.ActiveCfg = Release|Xbox 360
		{9CC3D37B-0374-4464-A197-BCABD53DFC28}.Release|Xbox 360.Build.0 = Release|Xbox 360
		{9CC3D37B-0374-4464-A197-BCABD53DFC28}.Retail|Mixed Platforms.ActiveCfg = Release_LTCG|Xbox 360
		{9CC3D37B-0374-4464-A197-BCABD53DFC28}.Retail|Mixed Platforms.Build.0 = Release_LTCG|Xbox 360
		{9CC3D37B-0374-4464-A197-BCABD53DFC28}.Retail|Win32.ActiveCfg = Release_LTCG|Xbox 360
		{9CC3D37B-0374-4464-A197-BCABD53DFC28}.Retail|Xbox 360.ActiveCfg = Release_LTCG|Xbox 360
		{9CC3D37B-0374-4464-A197-BCABD53DFC28}.Retail|Xbox 360.Build.0 = Release_LTCG|Xbox 360
		{17FB8DC3-F44B-4A99-A137-B4902115045B}.CodeAnalysis|Mixed Platforms.ActiveCfg = PS3 SNC Release|Win32
		{17FB8DC3-F44B-4A99-A137-B4902115045B}.CodeAnalysis|Mixed Platforms.Build.0 = PS3 SNC Release|Win32
		{17FB8DC3-F44B-4A99-A137-B4902115045B}.CodeAnalysis|Win32.ActiveCfg = PS3 SNC Release|Win32
		{17FB8DC3-F44B-4A99-A137-B4902115045B}.CodeAnalysis|Win32.Build.0 = PS3 SNC Release|Win32
		{17FB8DC3-F44B-4A99-A137-B4902115045B}.CodeAnalysis|Xbox 360.ActiveCfg = PS3 SNC Release|Win32
		{17FB8DC3-F44B-4A99-A137-B4902115045B}.Debug|Mixed Platforms.ActiveCfg = PS3 SNC Release|Win32
		{17FB8DC3-F44B-4A99-A137-B4902115045B}.Debug|Mixed Platforms.Build.0 = PS3 SNC Release|Win32
		{17FB8DC3-F44B-4A99-A137-B4902115045B}.Debug|Win32.ActiveCfg = PS3 SNC Debug|Win32
		{17FB8DC3-F44B-4A99-A137-B4902115045B}.Debug|Win32.Build.0 = PS3 SNC Debug|Win32
		{17FB8DC3-F44B-4A99-A137-B4902115045B}.Debug|Xbox 360.ActiveCfg = PS3 SNC Release|Win32
		{17FB8DC3-F44B-4A99-A137-B4902115045B}.Profile_FastCap|Mixed Platforms.ActiveCfg = PS3 SNC Release|Win32
		{17FB8DC3-F44B-4A99-A137-B4902115045B}.Profile_FastCap|Mixed Platforms.Build.0 = PS3 SNC Release|Win32
		{17FB8DC3-F44B-4A99-A137-B4902115045B}.Profile_FastCap|Win32.ActiveCfg = PS3 SNC Release|Win32
		{17FB8DC3-F44B-4A99-A137-B4902115045B}.Profile_FastCap|Win32.Build.0 = PS3 SNC Release|Win32
		{17FB8DC3-F44B-4A99-A137-B4902115045B}.Profile_FastCap|Xbox 360.ActiveCfg = PS3 SNC Release|Win32
		{17FB8DC3-F44B-4A99-A137-B4902115045B}.Profile|Mixed Platforms.ActiveCfg = PS3 SNC Release|Win32
		{17FB8DC3-F44B-4A99-A137-B4902115045B}.Profile|Mixed Platforms.Build.0 = PS3 SNC Release|Win32
		{17FB8DC3-F44B-4A99-A137-B4902115045B}.Profile|Win32.ActiveCfg = PS3 SNC Release|Win32
		{17FB8DC3-F44B-4A99-A137-B4902115045B}.Profile|Win32.Build.0 = PS3 SNC Release|Win32
		{17FB8DC3-F44B-4A99-A137-B4902115045B}.Profile|Xbox 360.ActiveCfg = PS3 SNC Release|Win32
		{17FB8DC3-F44B-4A99-A137-B4902115045B}.PS3 Debug|Mixed Platforms.ActiveCfg = PS3 Debug|Win32
		{17FB8DC3-F44B-4A99-A137-B4902115045B}.PS3 Debug|Mixed Platforms.Build.0 = PS3 Debug|Win32
		{17FB8DC3-F44B-4A99-A137-B4902115045B}.PS3 Debug|Win32.ActiveCfg = PS3 Debug|Win32
		{17FB8DC3-F44B-4A99-A137-B4902115045B}.PS3 Debug|Win32.Build.0 = PS3 Debug|Win32
		{17FB8DC3-F44B-4A99-A137-B4902115045B}.PS3 Debug|Xbox 360.ActiveCfg = PS3 Debug|Win32
		{17FB8DC3-F44B-4A99-A137-B4902115045B}.PS3 Release|Mixed Platforms.ActiveCfg = PS3 Release|Win32
		{17FB8DC3-F44B-4A99-A137-B4902115045B}.PS3 Release|Mixed Platforms.Build.0 = PS3 Release|Win32
		{17FB8DC3-F44B-4A99-A137-B4902115045B}.PS3 Release|Win32.ActiveCfg = PS3 Release|Win32
		{17FB8DC3-F44B-4A99-A137-B4902115045B}.PS3 Release|Win32.Build.0 = PS3 Release|Win32
		{17FB8DC3-F44B-4A99-A137-B4902115045B}.PS3 Release|Xbox 360.ActiveCfg = PS3 Release|Win32
		{17FB8DC3-F44B-4A99-A137-B4902115045B}.PS3 Retail|Mixed Platforms.ActiveCfg = PS3 Release|Win32
		{17FB8DC3-F44B-4A99-A137-B4902115045B}.PS3 Retail|Mixed Platforms.Build.0 = PS3 Release|Win32
		{17FB8DC3-F44B-4A99-A137-B4902115045B}.PS3 Retail|Win32.ActiveCfg = PS3 Release|Win32
		{17FB8DC3-F44B-4A99-A137-B4902115045B}.PS3 Retail|Win32.Build.0 = PS3 Release|Win32
		{17FB8DC3-F44B-4A99-A137-B4902115045B}.PS3 Retail|Xbox 360.ActiveCfg = PS3 Release|Win32
		{17FB8DC3-F44B-4A99-A137-B4902115045B}.PS3 SNC Debug|Mixed Platforms.ActiveCfg = PS3 SNC Debug|Win32
		{17FB8DC3-F44B-4A99-A137-B4902115045B}.PS3 SNC Debug|Mixed Platforms.Build.0 = PS3 SNC Debug|Win32
		{17FB8DC3-F44B-4A99-A137-B4902115045B}.PS3 SNC Debug|Win32.ActiveCfg = PS3 SNC Debug|Win32
		{17FB8DC3-F44B-4A99-A137-B4902115045B}.PS3 SNC Debug|Win32.Build.0 = PS3 SNC Debug|Win32
		{17FB8DC3-F44B-4A99-A137-B4902115045B}.PS3 SNC Debug|Xbox 360.ActiveCfg = PS3 SNC Debug|Win32
		{17FB8DC3-F44B-4A99-A137-B4902115045B}.PS3 SNC Release|Mixed Platforms.ActiveCfg = PS3 SNC Release|Win32
		{17FB8DC3-F44B-4A99-A137-B4902115045B}.PS3 SNC Release|Mixed Platforms.Build.0 = PS3 SNC Release|Win32
		{17FB8DC3-F44B-4A99-A137-B4902115045B}.PS3 SNC Release|Win32.ActiveCfg = PS3 SNC Release|Win32
		{17FB8DC3-F44B-4A99-A137-B4902115045B}.PS3 SNC Release|Win32.Build.0 = PS3 SNC Release|Win32
		{17FB8DC3-F44B-4A99-A137-B4902115045B}.PS3 SNC Release|Xbox 360.ActiveCfg = PS3 SNC Release|Win32
		{17FB8DC3-F44B-4A99-A137-B4902115045B}.Release_LTCG|Mixed Platforms.ActiveCfg = PS3 SNC Release|Win32
		{17FB8DC3-F44B-4A99-A137-B4902115045B}.Release_LTCG|Mixed Platforms.Build.0 = PS3 SNC Release|Win32
		{17FB8DC3-F44B-4A99-A137-B4902115045B}.Release_LTCG|Win32.ActiveCfg = PS3 SNC Release|Win32
		{17FB8DC3-F44B-4A99-A137-B4902115045B}.Release_LTCG|Win32.Build.0 = PS3 SNC Release|Win32
		{17FB8DC3-F44B-4A99-A137-B4902115045B}.Release_LTCG|Xbox 360.ActiveCfg = PS3 SNC Release|Win32
		{17FB8DC3-F44B-4A99-A137-B4902115045B}.Release|Mixed Platforms.ActiveCfg = PS3 SNC Release|Win32
		{17FB8DC3-F44B-4A99-A137-B4902115045B}.Release|Mixed Platforms.Build.0 = PS3 SNC Release|Win32
		{17FB8DC3-F44B-4A99-A137-B4902115045B}.Release|Win32.ActiveCfg = PS3 SNC Release|Win32
		{17FB8DC3-F44B-4A99-A137-B4902115045B}.Release|Win32.Build.0 = PS3 SNC Release|Win32
		{17FB8DC3-F44B-4A99-A137-B4902115045B}.Release|Xbox 360.ActiveCfg = PS3 SNC Release|Win32
		{17FB8DC3-F44B-4A99-A137-B4902115045B}.Retail|Mixed Platforms.ActiveCfg = PS3 SNC Release|Win32
		{17FB8DC3-F44B-4A99-A137-B4902115045B}.Retail|Mixed Platforms.Build.0 = PS3 SNC Release|Win32
		{17FB8DC3-F44B-4A99-A137-B4902115045B}.Retail|Win32.ActiveCfg = PS3 SNC Release|Win32
		{17FB8DC3-F44B-4A99-A137-B4902115045B}.Retail|Win32.Build.0 = PS3 SNC Release|Win32
		{17FB8DC3-F44B-4A99-A137-B4902115045B}.Retail|Xbox 360.ActiveCfg = PS3 SNC Release|Win32
		{C3DCACAE-0FAA-4314-B2DD-3D3FA72FCE0F}.CodeAnalysis|Mixed Platforms.ActiveCfg = PS3 SNC Release|Win32
		{C3DCACAE-0FAA-4314-B2DD-3D3FA72FCE0F}.CodeAnalysis|Mixed Platforms.Build.0 = PS3 SNC Release|Win32
		{C3DCACAE-0FAA-4314-B2DD-3D3FA72FCE0F}.CodeAnalysis|Win32.ActiveCfg = PS3 SNC Release|Win32
		{C3DCACAE-0FAA-4314-B2DD-3D3FA72FCE0F}.CodeAnalysis|Win32.Build.0 = PS3 SNC Release|Win32
		{C3DCACAE-0FAA-4314-B2DD-3D3FA72FCE0F}.CodeAnalysis|Xbox 360.ActiveCfg = PS3 SNC Release|Win32
		{C3DCACAE-0FAA-4314-B2DD-3D3FA72FCE0F}.Debug|Mixed Platforms.ActiveCfg = PS3 SNC Release|Win32
		{C3DCACAE-0FAA-4314-B2DD-3D3FA72FCE0F}.Debug|Mixed Platforms.Build.0 = PS3 SNC Release|Win32
		{C3DCACAE-0FAA-4314-B2DD-3D3FA72FCE0F}.Debug|Win32.ActiveCfg = PS3 SNC Debug|Win32
		{C3DCACAE-0FAA-4314-B2DD-3D3FA72FCE0F}.Debug|Win32.Build.0 = PS3 SNC Debug|Win32
		{C3DCACAE-0FAA-4314-B2DD-3D3FA72FCE0F}.Debug|Xbox 360.ActiveCfg = PS3 SNC Release|Win32
		{C3DCACAE-0FAA-4314-B2DD-3D3FA72FCE0F}.Profile_FastCap|Mixed Platforms.ActiveCfg = PS3 SNC Release|Win32
		{C3DCACAE-0FAA-4314-B2DD-3D3FA72FCE0F}.Profile_FastCap|Mixed Platforms.Build.0 = PS3 SNC Release|Win32
		{C3DCACAE-0FAA-4314-B2DD-3D3FA72FCE0F}.Profile_FastCap|Win32.ActiveCfg = PS3 SNC Release|Win32
		{C3DCACAE-0FAA-4314-B2DD-3D3FA72FCE0F}.Profile_FastCap|Win32.Build.0 = PS3 SNC Release|Win32
		{C3DCACAE-0FAA-4314-B2DD-3D3FA72FCE0F}.Profile_FastCap|Xbox 360.ActiveCfg = PS3 SNC Release|Win32
		{C3DCACAE-0FAA-4314-B2DD-3D3FA72FCE0F}.Profile|Mixed Platforms.ActiveCfg = PS3 SNC Release|Win32
		{C3DCACAE-0FAA-4314-B2DD-3D3FA72FCE0F}.Profile|Mixed Platforms.Build.0 = PS3 SNC Release|Win32
		{C3DCACAE-0FAA-4314-B2DD-3D3FA72FCE0F}.Profile|Win32.ActiveCfg = PS3 SNC Release|Win32
		{C3DCACAE-0FAA-4314-B2DD-3D3FA72FCE0F}.Profile|Win32.Build.0 = PS3 SNC Release|Win32
		{C3DCACAE-0FAA-4314-B2DD-3D3FA72FCE0F}.Profile|Xbox 360.ActiveCfg = PS3 SNC Release|Win32
		{C3DCACAE-0FAA-4314-B2DD-3D3FA72FCE0F}.PS3 Debug|Mixed Platforms.ActiveCfg = PS3 Debug|Win32
		{C3DCACAE-0FAA-4314-B2DD-3D3FA72FCE0F}.PS3 Debug|Mixed Platforms.Build.0 = PS3 Debug|Win32
		{C3DCACAE-0FAA-4314-B2DD-3D3FA72FCE0F}.PS3 Debug|Win32.ActiveCfg = PS3 Debug|Win32
		{C3DCACAE-0FAA-4314-B2DD-3D3FA72FCE0F}.PS3 Debug|Win32.Build.0 = PS3 Debug|Win32
		{C3DCACAE-0FAA-4314-B2DD-3D3FA72FCE0F}.PS3 Debug|Xbox 360.ActiveCfg = PS3 Debug|Win32
		{C3DCACAE-0FAA-4314-B2DD-3D3FA72FCE0F}.PS3 Release|Mixed Platforms.ActiveCfg = PS3 Release|Win32
		{C3DCACAE-0FAA-4314-B2DD-3D3FA72FCE0F}.PS3 Release|Mixed Platforms.Build.0 = PS3 Release|Win32
		{C3DCACAE-0FAA-4314-B2DD-3D3FA72FCE0F}.PS3 Release|Win32.ActiveCfg = PS3 Release|Win32
		{C3DCACAE-0FAA-4314-B2DD-3D3FA72FCE0F}.PS3 Release|Win32.Build.0 = PS3 Release|Win32
		{C3DCACAE-0FAA-4314-B2DD-3D3FA72FCE0F}.PS3 Release|Xbox 360.ActiveCfg = PS3 Release|Win32
		{C3DCACAE-0FAA-4314-B2DD-3D3FA72FCE0F}.PS3 Retail|Mixed Platforms.ActiveCfg = PS3 Release|Win32
		{C3DCACAE-0FAA-4314-B2DD-3D3FA72FCE0F}.PS3 Retail|Mixed Platforms.Build.0 = PS3 Release|Win32
		{C3DCACAE-0FAA-4314-B2DD-3D3FA72FCE0F}.PS3 Retail|Win32.ActiveCfg = PS3 Release|Win32
		{C3DCACAE-0FAA-4314-B2DD-3D3FA72FCE0F}.PS3 Retail|Win32.Build.0 = PS3 Release|Win32
		{C3DCACAE-0FAA-4314-B2DD-3D3FA72FCE0F}.PS3 Retail|Xbox 360.ActiveCfg = PS3 Release|Win32
		{C3DCACAE-0FAA-4314-B2DD-3D3FA72FCE0F}.PS3 SNC Debug|Mixed Platforms.ActiveCfg = PS3 SNC Debug|Win32
		{C3DCACAE-0FAA-4314-B2DD-3D3FA72FCE0F}.PS3 SNC Debug|Mixed Platforms.Build.0 = PS3 SNC Debug|Win32
		{C3DCACAE-0FAA-4314-B2DD-3D3FA72FCE0F}.PS3 SNC Debug|Win32.ActiveCfg = PS3 SNC Debug|Win32
		{C3DCACAE-0FAA-4314-B2DD-3D3FA72FCE0F}.PS3 SNC Debug|Win32.Build.0 = PS3 SNC Debug|Win32
		{C3DCACAE-0FAA-4314-B2DD-3D3FA72FCE0F}.PS3 SNC Debug|Xbox 360.ActiveCfg = PS3 SNC Debug|Win32
		{C3DCACAE-0FAA-4314-B2DD-3D3FA72FCE0F}.PS3 SNC Release|Mixed Platforms.ActiveCfg = PS3 SNC Release|Win32
		{C3DCACAE-0FAA-4314-B2DD-3D3FA72FCE0F}.PS3 SNC Release|Mixed Platforms.Build.0 = PS3 SNC Release|Win32
		{C3DCACAE-0FAA-4314-B2DD-3D3FA72FCE0F}.PS3 SNC Release|Win32.ActiveCfg = PS3 SNC Release|Win32
		{C3DCACAE-0FAA-4314-B2DD-3D3FA72FCE0F}.PS3 SNC Release|Win32.Build.0 = PS3 SNC Release|Win32
		{C3DCACAE-0FAA-4314-B2DD-3D3FA72FCE0F}.PS3 SNC Release|Xbox 360.ActiveCfg = PS3 SNC Release|Win32
		{C3DCACAE-0FAA-4314-B2DD-3D3FA72FCE0F}.Release_LTCG|Mixed Platforms.ActiveCfg = PS3 SNC Release|Win32
		{C3DCACAE-0FAA-4314-B2DD-3D3FA72FCE0F}.Release_LTCG|Mixed Platforms.Build.0 = PS3 SNC Release|Win32
		{C3DCACAE-0FAA-4314-B2DD-3D3FA72FCE0F}.Release_LTCG|Win32.ActiveCfg = PS3 SNC Release|Win32
		{C3DCACAE-0FAA-4314-B2DD-3D3FA72FCE0F}.Release_LTCG|Win32.Build.0 = PS3 SNC Release|Win32
		{C3DCACAE-0FAA-4314-B2DD-3D3FA72FCE0F}.Release_LTCG|Xbox 360.ActiveCfg = PS3 SNC Release|Win32
		{C3DCACAE-0FAA-4314-B2DD-3D3FA72FCE0F}.Release|Mixed Platforms.ActiveCfg = PS3 SNC Release|Win32
		{C3DCACAE-0FAA-4314-B2DD-3D3FA72FCE0F}.Release|Mixed Platforms.Build.0 = PS3 SNC Release|Win32
		{C3DCACAE-0FAA-4314-B2DD-3D3FA72FCE0F}.Release|Win32.ActiveCfg = PS3 SNC Release|Win32
		{C3DCACAE-0FAA-4314-B2DD-3D3FA72FCE0F}.Release|Win32.Build.0 = PS3 SNC Release|Win32
		{C3DCACAE-0FAA-4314-B2DD-3D3FA72FCE0F}.Release|Xbox 360.ActiveCfg = PS3 SNC Release|Win32
		{C3DCACAE-0FAA-4314-B2DD-3D3FA72FCE0F}.Retail|Mixed Platforms.ActiveCfg = PS3 SNC Release|Win32
		{C3DCACAE-0FAA-4314-B2DD-3D3FA72FCE0F}.Retail|Mixed Platforms.Build.0 = PS3 SNC Release|Win32
		{C3DCACAE-0FAA-4314-B2DD-3D3FA72FCE0F}.Retail|Win32.ActiveCfg = PS3 SNC Release|Win32
		{C3DCACAE-0FAA-4314-B2DD-3D3FA72FCE0F}.Retail|Win32.Build.0 = PS3 SNC Release|Win32
		{C3DCACAE-0FAA-4314-B2DD-3D3FA72FCE0F}.Retail|Xbox 360.ActiveCfg = PS3 SNC Release|Win32
	EndGlobalSection
	GlobalSection(SolutionProperties) = preSolution
		HideSolutionNode = FALSE
	EndGlobalSection
EndGlobal
